// !$*UTF8*$!
{
	archiveVersion = 1;
	classes = {
	};
	objectVersion = 51;
	objects = {

/* Begin PBXBuildFile section */
		475837B7081A8DFA8B384F01 /* Pods_AppUITableView.framework in Frameworks */ = {isa = PBXBuildFile; fileRef = 0B8FF515BA8DF68B14D40D49 /* Pods_AppUITableView.framework */; };
		87420CD6243080F600E4490D /* CustomTableViewCell.swift in Sources */ = {isa = PBXBuildFile; fileRef = 87420CD5243080F600E4490D /* CustomTableViewCell.swift */; };
		87420CDA243085EC00E4490D /* PlaceModel.swift in Sources */ = {isa = PBXBuildFile; fileRef = 87420CD9243085EC00E4490D /* PlaceModel.swift */; };
		87420CDC24309D7E00E4490D /* NewPlaceViewController.swift in Sources */ = {isa = PBXBuildFile; fileRef = 87420CDB24309D7E00E4490D /* NewPlaceViewController.swift */; };
		879944CF2428D3260069C54C /* AppDelegate.swift in Sources */ = {isa = PBXBuildFile; fileRef = 879944CE2428D3260069C54C /* AppDelegate.swift */; };
		879944D12428D3260069C54C /* SceneDelegate.swift in Sources */ = {isa = PBXBuildFile; fileRef = 879944D02428D3260069C54C /* SceneDelegate.swift */; };
		879944D62428D3260069C54C /* Main.storyboard in Resources */ = {isa = PBXBuildFile; fileRef = 879944D42428D3260069C54C /* Main.storyboard */; };
		879944D82428D3270069C54C /* Assets.xcassets in Resources */ = {isa = PBXBuildFile; fileRef = 879944D72428D3270069C54C /* Assets.xcassets */; };
		879944DB2428D3270069C54C /* LaunchScreen.storyboard in Resources */ = {isa = PBXBuildFile; fileRef = 879944D92428D3270069C54C /* LaunchScreen.storyboard */; };
		879944E32428DB2C0069C54C /* MainViewController.swift in Sources */ = {isa = PBXBuildFile; fileRef = 879944E22428DB2C0069C54C /* MainViewController.swift */; };
/* End PBXBuildFile section */

/* Begin PBXFileReference section */
		0B8FF515BA8DF68B14D40D49 /* Pods_AppUITableView.framework */ = {isa = PBXFileReference; explicitFileType = wrapper.framework; includeInIndex = 0; path = Pods_AppUITableView.framework; sourceTree = BUILT_PRODUCTS_DIR; };
		142C192BF4E30D309AA32105 /* Pods-AppUITableView.release.xcconfig */ = {isa = PBXFileReference; includeInIndex = 1; lastKnownFileType = text.xcconfig; name = "Pods-AppUITableView.release.xcconfig"; path = "Target Support Files/Pods-AppUITableView/Pods-AppUITableView.release.xcconfig"; sourceTree = "<group>"; };
		811380850C1F65C81EA21CF5 /* Pods-AppUITableView.debug.xcconfig */ = {isa = PBXFileReference; includeInIndex = 1; lastKnownFileType = text.xcconfig; name = "Pods-AppUITableView.debug.xcconfig"; path = "Target Support Files/Pods-AppUITableView/Pods-AppUITableView.debug.xcconfig"; sourceTree = "<group>"; };
		87420CD5243080F600E4490D /* CustomTableViewCell.swift */ = {isa = PBXFileReference; lastKnownFileType = sourcecode.swift; path = CustomTableViewCell.swift; sourceTree = "<group>"; };
		87420CD9243085EC00E4490D /* PlaceModel.swift */ = {isa = PBXFileReference; lastKnownFileType = sourcecode.swift; path = PlaceModel.swift; sourceTree = "<group>"; };
		87420CDB24309D7E00E4490D /* NewPlaceViewController.swift */ = {isa = PBXFileReference; lastKnownFileType = sourcecode.swift; path = NewPlaceViewController.swift; sourceTree = "<group>"; };
		879944CB2428D3260069C54C /* AppUITableView.app */ = {isa = PBXFileReference; explicitFileType = wrapper.application; includeInIndex = 0; path = AppUITableView.app; sourceTree = BUILT_PRODUCTS_DIR; };
		879944CE2428D3260069C54C /* AppDelegate.swift */ = {isa = PBXFileReference; lastKnownFileType = sourcecode.swift; path = AppDelegate.swift; sourceTree = "<group>"; };
		879944D02428D3260069C54C /* SceneDelegate.swift */ = {isa = PBXFileReference; lastKnownFileType = sourcecode.swift; path = SceneDelegate.swift; sourceTree = "<group>"; };
		879944D52428D3260069C54C /* Base */ = {isa = PBXFileReference; lastKnownFileType = file.storyboard; name = Base; path = Base.lproj/Main.storyboard; sourceTree = "<group>"; };
		879944D72428D3270069C54C /* Assets.xcassets */ = {isa = PBXFileReference; lastKnownFileType = folder.assetcatalog; path = Assets.xcassets; sourceTree = "<group>"; };
		879944DA2428D3270069C54C /* Base */ = {isa = PBXFileReference; lastKnownFileType = file.storyboard; name = Base; path = Base.lproj/LaunchScreen.storyboard; sourceTree = "<group>"; };
		879944DC2428D3270069C54C /* Info.plist */ = {isa = PBXFileReference; lastKnownFileType = text.plist.xml; path = Info.plist; sourceTree = "<group>"; };
		879944E22428DB2C0069C54C /* MainViewController.swift */ = {isa = PBXFileReference; lastKnownFileType = sourcecode.swift; path = MainViewController.swift; sourceTree = "<group>"; };
/* End PBXFileReference section */

/* Begin PBXFrameworksBuildPhase section */
		879944C82428D3260069C54C /* Frameworks */ = {
			isa = PBXFrameworksBuildPhase;
			buildActionMask = 2147483647;
			files = (
				475837B7081A8DFA8B384F01 /* Pods_AppUITableView.framework in Frameworks */,
			);
			runOnlyForDeploymentPostprocessing = 0;
		};
/* End PBXFrameworksBuildPhase section */

/* Begin PBXGroup section */
		879944C22428D3250069C54C = {
			isa = PBXGroup;
			children = (
				879944CD2428D3260069C54C /* AppUITableView */,
				879944CC2428D3260069C54C /* Products */,
				BCAC531A0E8B74516C691C36 /* Pods */,
				9304BBCD1630DA32A20D02A5 /* Frameworks */,
			);
			sourceTree = "<group>";
		};
		879944CC2428D3260069C54C /* Products */ = {
			isa = PBXGroup;
			children = (
				879944CB2428D3260069C54C /* AppUITableView.app */,
			);
			name = Products;
			sourceTree = "<group>";
		};
		879944CD2428D3260069C54C /* AppUITableView */ = {
			isa = PBXGroup;
			children = (
				879944CE2428D3260069C54C /* AppDelegate.swift */,
				879944D02428D3260069C54C /* SceneDelegate.swift */,
				879944E22428DB2C0069C54C /* MainViewController.swift */,
				87420CD9243085EC00E4490D /* PlaceModel.swift */,
				879944D42428D3260069C54C /* Main.storyboard */,
				87420CDB24309D7E00E4490D /* NewPlaceViewController.swift */,
				87420CD5243080F600E4490D /* CustomTableViewCell.swift */,
				879944D72428D3270069C54C /* Assets.xcassets */,
				879944D92428D3270069C54C /* LaunchScreen.storyboard */,
				879944DC2428D3270069C54C /* Info.plist */,
			);
			path = AppUITableView;
			sourceTree = "<group>";
		};
		9304BBCD1630DA32A20D02A5 /* Frameworks */ = {
			isa = PBXGroup;
			children = (
				0B8FF515BA8DF68B14D40D49 /* Pods_AppUITableView.framework */,
			);
			name = Frameworks;
			sourceTree = "<group>";
		};
		BCAC531A0E8B74516C691C36 /* Pods */ = {
			isa = PBXGroup;
			children = (
				811380850C1F65C81EA21CF5 /* Pods-AppUITableView.debug.xcconfig */,
				142C192BF4E30D309AA32105 /* Pods-AppUITableView.release.xcconfig */,
			);
			path = Pods;
			sourceTree = "<group>";
		};
/* End PBXGroup section */

/* Begin PBXNativeTarget section */
		879944CA2428D3260069C54C /* AppUITableView */ = {
			isa = PBXNativeTarget;
			buildConfigurationList = 879944DF2428D3270069C54C /* Build configuration list for PBXNativeTarget "AppUITableView" */;
			buildPhases = (
				955732C1337D61AA4318B243 /* [CP] Check Pods Manifest.lock */,
				879944C72428D3260069C54C /* Sources */,
				879944C82428D3260069C54C /* Frameworks */,
				879944C92428D3260069C54C /* Resources */,
				38C67628C43683E90EC44977 /* [CP] Embed Pods Frameworks */,
			);
			buildRules = (
			);
			dependencies = (
			);
			name = AppUITableView;
			productName = AppUITableView;
			productReference = 879944CB2428D3260069C54C /* AppUITableView.app */;
			productType = "com.apple.product-type.application";
		};
/* End PBXNativeTarget section */

/* Begin PBXProject section */
		879944C32428D3250069C54C /* Project object */ = {
			isa = PBXProject;
			attributes = {
				LastSwiftUpdateCheck = 1130;
				LastUpgradeCheck = 1130;
				ORGANIZATIONNAME = Mikhail;
				TargetAttributes = {
					879944CA2428D3260069C54C = {
						CreatedOnToolsVersion = 11.3.1;
					};
				};
			};
			buildConfigurationList = 879944C62428D3260069C54C /* Build configuration list for PBXProject "AppUITableView" */;
			compatibilityVersion = "Xcode 9.3";
			developmentRegion = en;
			hasScannedForEncodings = 0;
			knownRegions = (
				en,
				Base,
			);
			mainGroup = 879944C22428D3250069C54C;
			productRefGroup = 879944CC2428D3260069C54C /* Products */;
			projectDirPath = "";
			projectRoot = "";
			targets = (
				879944CA2428D3260069C54C /* AppUITableView */,
			);
		};
/* End PBXProject section */

/* Begin PBXResourcesBuildPhase section */
		879944C92428D3260069C54C /* Resources */ = {
			isa = PBXResourcesBuildPhase;
			buildActionMask = 2147483647;
			files = (
				879944DB2428D3270069C54C /* LaunchScreen.storyboard in Resources */,
				879944D82428D3270069C54C /* Assets.xcassets in Resources */,
				879944D62428D3260069C54C /* Main.storyboard in Resources */,
			);
			runOnlyForDeploymentPostprocessing = 0;
		};
/* End PBXResourcesBuildPhase section */

/* Begin PBXShellScriptBuildPhase section */
		38C67628C43683E90EC44977 /* [CP] Embed Pods Frameworks */ = {
			isa = PBXShellScriptBuildPhase;
			buildActionMask = 2147483647;
			files = (
			);
			inputFileListPaths = (
				"${PODS_ROOT}/Target Support Files/Pods-AppUITableView/Pods-AppUITableView-frameworks-${CONFIGURATION}-input-files.xcfilelist",
			);
			name = "[CP] Embed Pods Frameworks";
			outputFileListPaths = (
				"${PODS_ROOT}/Target Support Files/Pods-AppUITableView/Pods-AppUITableView-frameworks-${CONFIGURATION}-output-files.xcfilelist",
			);
			runOnlyForDeploymentPostprocessing = 0;
			shellPath = /bin/sh;
			shellScript = "\"${PODS_ROOT}/Target Support Files/Pods-AppUITableView/Pods-AppUITableView-frameworks.sh\"\n";
			showEnvVarsInLog = 0;
		};
		955732C1337D61AA4318B243 /* [CP] Check Pods Manifest.lock */ = {
			isa = PBXShellScriptBuildPhase;
			buildActionMask = 2147483647;
			files = (
			);
			inputFileListPaths = (
			);
			inputPaths = (
				"${PODS_PODFILE_DIR_PATH}/Podfile.lock",
				"${PODS_ROOT}/Manifest.lock",
			);
			name = "[CP] Check Pods Manifest.lock";
			outputFileListPaths = (
			);
			outputPaths = (
				"$(DERIVED_FILE_DIR)/Pods-AppUITableView-checkManifestLockResult.txt",
			);
			runOnlyForDeploymentPostprocessing = 0;
			shellPath = /bin/sh;
			shellScript = "diff \"${PODS_PODFILE_DIR_PATH}/Podfile.lock\" \"${PODS_ROOT}/Manifest.lock\" > /dev/null\nif [ $? != 0 ] ; then\n    # print error to STDERR\n    echo \"error: The sandbox is not in sync with the Podfile.lock. Run 'pod install' or update your CocoaPods installation.\" >&2\n    exit 1\nfi\n# This output is used by Xcode 'outputs' to avoid re-running this script phase.\necho \"SUCCESS\" > \"${SCRIPT_OUTPUT_FILE_0}\"\n";
			showEnvVarsInLog = 0;
		};
/* End PBXShellScriptBuildPhase section */

/* Begin PBXSourcesBuildPhase section */
		879944C72428D3260069C54C /* Sources */ = {
			isa = PBXSourcesBuildPhase;
			buildActionMask = 2147483647;
			files = (
				879944E32428DB2C0069C54C /* MainViewController.swift in Sources */,
				87420CDC24309D7E00E4490D /* NewPlaceViewController.swift in Sources */,
				879944CF2428D3260069C54C /* AppDelegate.swift in Sources */,
				87420CDA243085EC00E4490D /* PlaceModel.swift in Sources */,
				87420CD6243080F600E4490D /* CustomTableViewCell.swift in Sources */,
				879944D12428D3260069C54C /* SceneDelegate.swift in Sources */,
			);
			runOnlyForDeploymentPostprocessing = 0;
		};
/* End PBXSourcesBuildPhase section */

/* Begin PBXVariantGroup section */
		879944D42428D3260069C54C /* Main.storyboard */ = {
			isa = PBXVariantGroup;
			children = (
				879944D52428D3260069C54C /* Base */,
			);
			name = Main.storyboard;
			sourceTree = "<group>";
		};
		879944D92428D3270069C54C /* LaunchScreen.storyboard */ = {
			isa = PBXVariantGroup;
			children = (
				879944DA2428D3270069C54C /* Base */,
			);
			name = LaunchScreen.storyboard;
			sourceTree = "<group>";
		};
/* End PBXVariantGroup section */

/* Begin XCBuildConfiguration section */
		879944DD2428D3270069C54C /* Debug */ = {
			isa = XCBuildConfiguration;
			buildSettings = {
				ALWAYS_SEARCH_USER_PATHS = NO;
				CLANG_ANALYZER_NONNULL = YES;
				CLANG_ANALYZER_NUMBER_OBJECT_CONVERSION = YES_AGGRESSIVE;
				CLANG_CXX_LANGUAGE_STANDARD = "gnu++14";
				CLANG_CXX_LIBRARY = "libc++";
				CLANG_ENABLE_MODULES = YES;
				CLANG_ENABLE_OBJC_ARC = YES;
				CLANG_ENABLE_OBJC_WEAK = YES;
				CLANG_WARN_BLOCK_CAPTURE_AUTORELEASING = YES;
				CLANG_WARN_BOOL_CONVERSION = YES;
				CLANG_WARN_COMMA = YES;
				CLANG_WARN_CONSTANT_CONVERSION = YES;
				CLANG_WARN_DEPRECATED_OBJC_IMPLEMENTATIONS = YES;
				CLANG_WARN_DIRECT_OBJC_ISA_USAGE = YES_ERROR;
				CLANG_WARN_DOCUMENTATION_COMMENTS = YES;
				CLANG_WARN_EMPTY_BODY = YES;
				CLANG_WARN_ENUM_CONVERSION = YES;
				CLANG_WARN_INFINITE_RECURSION = YES;
				CLANG_WARN_INT_CONVERSION = YES;
				CLANG_WARN_NON_LITERAL_NULL_CONVERSION = YES;
				CLANG_WARN_OBJC_IMPLICIT_RETAIN_SELF = YES;
				CLANG_WARN_OBJC_LITERAL_CONVERSION = YES;
				CLANG_WARN_OBJC_ROOT_CLASS = YES_ERROR;
				CLANG_WARN_RANGE_LOOP_ANALYSIS = YES;
				CLANG_WARN_STRICT_PROTOTYPES = YES;
				CLANG_WARN_SUSPICIOUS_MOVE = YES;
				CLANG_WARN_UNGUARDED_AVAILABILITY = YES_AGGRESSIVE;
				CLANG_WARN_UNREACHABLE_CODE = YES;
				CLANG_WARN__DUPLICATE_METHOD_MATCH = YES;
				COPY_PHASE_STRIP = NO;
				DEBUG_INFORMATION_FORMAT = dwarf;
				ENABLE_STRICT_OBJC_MSGSEND = YES;
				ENABLE_TESTABILITY = YES;
				GCC_C_LANGUAGE_STANDARD = gnu11;
				GCC_DYNAMIC_NO_PIC = NO;
				GCC_NO_COMMON_BLOCKS = YES;
				GCC_OPTIMIZATION_LEVEL = 0;
				GCC_PREPROCESSOR_DEFINITIONS = (
					"DEBUG=1",
					"$(inherited)",
				);
				GCC_WARN_64_TO_32_BIT_CONVERSION = YES;
				GCC_WARN_ABOUT_RETURN_TYPE = YES_ERROR;
				GCC_WARN_UNDECLARED_SELECTOR = YES;
				GCC_WARN_UNINITIALIZED_AUTOS = YES_AGGRESSIVE;
				GCC_WARN_UNUSED_FUNCTION = YES;
				GCC_WARN_UNUSED_VARIABLE = YES;
				IPHONEOS_DEPLOYMENT_TARGET = 13.2;
				MTL_ENABLE_DEBUG_INFO = INCLUDE_SOURCE;
				MTL_FAST_MATH = YES;
				ONLY_ACTIVE_ARCH = YES;
				SDKROOT = iphoneos;
				SWIFT_ACTIVE_COMPILATION_CONDITIONS = DEBUG;
				SWIFT_OPTIMIZATION_LEVEL = "-Onone";
			};
			name = Debug;
		};
		879944DE2428D3270069C54C /* Release */ = {
			isa = XCBuildConfiguration;
			buildSettings = {
				ALWAYS_SEARCH_USER_PATHS = NO;
				CLANG_ANALYZER_NONNULL = YES;
				CLANG_ANALYZER_NUMBER_OBJECT_CONVERSION = YES_AGGRESSIVE;
				CLANG_CXX_LANGUAGE_STANDARD = "gnu++14";
				CLANG_CXX_LIBRARY = "libc++";
				CLANG_ENABLE_MODULES = YES;
				CLANG_ENABLE_OBJC_ARC = YES;
				CLANG_ENABLE_OBJC_WEAK = YES;
				CLANG_WARN_BLOCK_CAPTURE_AUTORELEASING = YES;
				CLANG_WARN_BOOL_CONVERSION = YES;
				CLANG_WARN_COMMA = YES;
				CLANG_WARN_CONSTANT_CONVERSION = YES;
				CLANG_WARN_DEPRECATED_OBJC_IMPLEMENTATIONS = YES;
				CLANG_WARN_DIRECT_OBJC_ISA_USAGE = YES_ERROR;
				CLANG_WARN_DOCUMENTATION_COMMENTS = YES;
				CLANG_WARN_EMPTY_BODY = YES;
				CLANG_WARN_ENUM_CONVERSION = YES;
				CLANG_WARN_INFINITE_RECURSION = YES;
				CLANG_WARN_INT_CONVERSION = YES;
				CLANG_WARN_NON_LITERAL_NULL_CONVERSION = YES;
				CLANG_WARN_OBJC_IMPLICIT_RETAIN_SELF = YES;
				CLANG_WARN_OBJC_LITERAL_CONVERSION = YES;
				CLANG_WARN_OBJC_ROOT_CLASS = YES_ERROR;
				CLANG_WARN_RANGE_LOOP_ANALYSIS = YES;
				CLANG_WARN_STRICT_PROTOTYPES = YES;
				CLANG_WARN_SUSPICIOUS_MOVE = YES;
				CLANG_WARN_UNGUARDED_AVAILABILITY = YES_AGGRESSIVE;
				CLANG_WARN_UNREACHABLE_CODE = YES;
				CLANG_WARN__DUPLICATE_METHOD_MATCH = YES;
				COPY_PHASE_STRIP = NO;
				DEBUG_INFORMATION_FORMAT = "dwarf-with-dsym";
				ENABLE_NS_ASSERTIONS = NO;
				ENABLE_STRICT_OBJC_MSGSEND = YES;
				GCC_C_LANGUAGE_STANDARD = gnu11;
				GCC_NO_COMMON_BLOCKS = YES;
				GCC_WARN_64_TO_32_BIT_CONVERSION = YES;
				GCC_WARN_ABOUT_RETURN_TYPE = YES_ERROR;
				GCC_WARN_UNDECLARED_SELECTOR = YES;
				GCC_WARN_UNINITIALIZED_AUTOS = YES_AGGRESSIVE;
				GCC_WARN_UNUSED_FUNCTION = YES;
				GCC_WARN_UNUSED_VARIABLE = YES;
				IPHONEOS_DEPLOYMENT_TARGET = 13.2;
				MTL_ENABLE_DEBUG_INFO = NO;
				MTL_FAST_MATH = YES;
				SDKROOT = iphoneos;
				SWIFT_COMPILATION_MODE = wholemodule;
				SWIFT_OPTIMIZATION_LEVEL = "-O";
				VALIDATE_PRODUCT = YES;
			};
			name = Release;
		};
		879944E02428D3270069C54C /* Debug */ = {
			isa = XCBuildConfiguration;
			baseConfigurationReference = 811380850C1F65C81EA21CF5 /* Pods-AppUITableView.debug.xcconfig */;
			buildSettings = {
				ASSETCATALOG_COMPILER_APPICON_NAME = AppIcon;
				CODE_SIGN_STYLE = Automatic;
				DEVELOPMENT_TEAM = 9ZTJ46TNA6;
				INFOPLIST_FILE = AppUITableView/Info.plist;
				LD_RUNPATH_SEARCH_PATHS = (
					"$(inherited)",
					"@executable_path/Frameworks",
				);
				PRODUCT_BUNDLE_IDENTIFIER = sw.pasechnik89.AppUITableView;
				PRODUCT_NAME = "$(TARGET_NAME)";
				SWIFT_VERSION = 5.0;
				TARGETED_DEVICE_FAMILY = "1,2";
			};
			name = Debug;
		};
		879944E12428D3270069C54C /* Release */ = {
			isa = XCBuildConfiguration;
			baseConfigurationReference = 142C192BF4E30D309AA32105 /* Pods-AppUITableView.release.xcconfig */;
			buildSettings = {
				ASSETCATALOG_COMPILER_APPICON_NAME = AppIcon;
				CODE_SIGN_STYLE = Automatic;
				DEVELOPMENT_TEAM = 9ZTJ46TNA6;
				INFOPLIST_FILE = AppUITableView/Info.plist;
				LD_RUNPATH_SEARCH_PATHS = (
					"$(inherited)",
					"@executable_path/Frameworks",
				);
				PRODUCT_BUNDLE_IDENTIFIER = sw.pasechnik89.AppUITableView;
				PRODUCT_NAME = "$(TARGET_NAME)";
				SWIFT_VERSION = 5.0;
				TARGETED_DEVICE_FAMILY = "1,2";
			};
			name = Release;
		};
/* End XCBuildConfiguration section */

/* Begin XCConfigurationList section */
		879944C62428D3260069C54C /* Build configuration list for PBXProject "AppUITableView" */ = {
			isa = XCConfigurationList;
			buildConfigurations = (
				879944DD2428D3270069C54C /* Debug */,
				879944DE2428D3270069C54C /* Release */,
			);
			defaultConfigurationIsVisible = 0;
			defaultConfigurationName = Release;
		};
		879944DF2428D3270069C54C /* Build configuration list for PBXNativeTarget "AppUITableView" */ = {
			isa = XCConfigurationList;
			buildConfigurations = (
				879944E02428D3270069C54C /* Debug */,
				879944E12428D3270069C54C /* Release */,
			);
			defaultConfigurationIsVisible = 0;
			defaultConfigurationName = Release;
		};
/* End XCConfigurationList section */
	};
	rootObject = 879944C32428D3250069C54C /* Project object */;
}
